
Microsoft Visual Studio Solution File, Format Version 12.00
# Visual Studio Version 17
VisualStudioVersion = 17.1.32421.90
MinimumVisualStudioVersion = 10.0.40219.1
Project("{FAE04EC0-301F-11D3-BF4B-00C04F79EFBC}") = "FishfolioAPI", "FishfolioAPI\FishfolioAPI.csproj", "{39A74231-A8F8-4967-A3A6-D18BB55D21E0}"
EndProject
Project("{FAE04EC0-301F-11D3-BF4B-00C04F79EFBC}") = "FishfolioAPI.Model", "FishfolioAPI.Model\FishfolioAPI.Model.csproj", "{1479F441-5AF7-458B-A9E3-5D0D23B5435F}"
EndProject
Project("{FAE04EC0-301F-11D3-BF4B-00C04F79EFBC}") = "FishfolioAPI.DAL", "FishfolioAPI.DAL\FishfolioAPI.DAL.csproj", "{C9415884-9225-48D9-91CF-FD500AE1565F}"
	ProjectSection(ProjectDependencies) = postProject
		{1479F441-5AF7-458B-A9E3-5D0D23B5435F} = {1479F441-5AF7-458B-A9E3-5D0D23B5435F}
	EndProjectSection
EndProject
Global
	GlobalSection(SolutionConfigurationPlatforms) = preSolution
		Debug|Any CPU = Debug|Any CPU
		Release|Any CPU = Release|Any CPU
	EndGlobalSection
	GlobalSection(ProjectConfigurationPlatforms) = postSolution
		{39A74231-A8F8-4967-A3A6-D18BB55D21E0}.Debug|Any CPU.ActiveCfg = Debug|Any CPU
		{39A74231-A8F8-4967-A3A6-D18BB55D21E0}.Debug|Any CPU.Build.0 = Debug|Any CPU
		{39A74231-A8F8-4967-A3A6-D18BB55D21E0}.Release|Any CPU.ActiveCfg = Release|Any CPU
		{39A74231-A8F8-4967-A3A6-D18BB55D21E0}.Release|Any CPU.Build.0 = Release|Any CPU
		{1479F441-5AF7-458B-A9E3-5D0D23B5435F}.Debug|Any CPU.ActiveCfg = Debug|Any CPU
		{1479F441-5AF7-458B-A9E3-5D0D23B5435F}.Debug|Any CPU.Build.0 = Debug|Any CPU
		{1479F441-5AF7-458B-A9E3-5D0D23B5435F}.Release|Any CPU.ActiveCfg = Release|Any CPU
		{1479F441-5AF7-458B-A9E3-5D0D23B5435F}.Release|Any CPU.Build.0 = Release|Any CPU
		{C9415884-9225-48D9-91CF-FD500AE1565F}.Debug|Any CPU.ActiveCfg = Debug|Any CPU
		{C9415884-9225-48D9-91CF-FD500AE1565F}.Debug|Any CPU.Build.0 = Debug|Any CPU
		{C9415884-9225-48D9-91CF-FD500AE1565F}.Release|Any CPU.ActiveCfg = Release|Any CPU
		{C9415884-9225-48D9-91CF-FD500AE1565F}.Release|Any CPU.Build.0 = Release|Any CPU
	EndGlobalSection
	GlobalSection(SolutionProperties) = preSolution
		HideSolutionNode = FALSE
	EndGlobalSection
	GlobalSection(ExtensibilityGlobals) = postSolution
		SolutionGuid = {BE6F19B2-DE7C-4275-80B9-611B0C1ECF92}
	EndGlobalSection
EndGlobal
